
Microsoft Visual Studio Solution File, Format Version 12.00
# Visual Studio Version 16
VisualStudioVersion = 16.0.29806.167
MinimumVisualStudioVersion = 10.0.40219.1
Project("{FAE04EC0-301F-11D3-BF4B-00C04F79EFBC}") = "HOI4Bot", "HOI4Bot\HOI4Bot.csproj", "{BB3CF8B3-E441-4E44-884B-038E9D52B558}"
EndProject
Global
	GlobalSection(SolutionConfigurationPlatforms) = preSolution
		Debug|Any CPU = Debug|Any CPU
		Release|Any CPU = Release|Any CPU
	EndGlobalSection
	GlobalSection(ProjectConfigurationPlatforms) = postSolution
		{BB3CF8B3-E441-4E44-884B-038E9D52B558}.Debug|Any CPU.ActiveCfg = Debug|Any CPU
		{BB3CF8B3-E441-4E44-884B-038E9D52B558}.Debug|Any CPU.Build.0 = Debug|Any CPU
		{BB3CF8B3-E441-4E44-884B-038E9D52B558}.Release|Any CPU.ActiveCfg = Release|Any CPU
		{BB3CF8B3-E441-4E44-884B-038E9D52B558}.Release|Any CPU.Build.0 = Release|Any CPU
	EndGlobalSection
	GlobalSection(SolutionProperties) = preSolution
		HideSolutionNode = FALSE
	EndGlobalSection
	GlobalSection(ExtensibilityGlobals) = postSolution
		SolutionGuid = {9CF6436B-618C-4191-9B28-678E9E8184E7}
	EndGlobalSection
EndGlobal
